
Microsoft Visual Studio Solution File, Format Version 12.00
# Visual Studio Version 17
VisualStudioVersion = 17.14.36127.28 d17.14
MinimumVisualStudioVersion = 10.0.40219.1
Project("{FAE04EC0-301F-11D3-BF4B-00C04F79EFBC}") = "Bicyclette", "Jarvis/Bicyclette\Bicyclette.csproj", "{8B0D64F9-3548-4B73-AEEA-3929199B3C28}"
EndProject
Global
	GlobalSection(SolutionConfigurationPlatforms) = preSolution
		Debug|Any CPU = Debug|Any CPU
		Release|Any CPU = Release|Any CPU
	EndGlobalSection
	GlobalSection(ProjectConfigurationPlatforms) = postSolution
		{8B0D64F9-3548-4B73-AEEA-3929199B3C28}.Debug|Any CPU.ActiveCfg = Debug|Any CPU
		{8B0D64F9-3548-4B73-AEEA-3929199B3C28}.Debug|Any CPU.Build.0 = Debug|Any CPU
		{8B0D64F9-3548-4B73-AEEA-3929199B3C28}.Release|Any CPU.ActiveCfg = Release|Any CPU
		{8B0D64F9-3548-4B73-AEEA-3929199B3C28}.Release|Any CPU.Build.0 = Release|Any CPU
	EndGlobalSection
	GlobalSection(SolutionProperties) = preSolution
		HideSolutionNode = FALSE
	EndGlobalSection
	GlobalSection(ExtensibilityGlobals) = postSolution
		SolutionGuid = {14951995-F864-4765-8B37-A67BF5F8E77F}
	EndGlobalSection
EndGlobal
